# THIS IS AN AUTOGENERATED FILE. DO NOT EDIT THIS FILE DIRECTLY.
# yarn lockfile v1


"@watchable/store-react@^0.9.0-alpha.2":
  version "0.9.0-alpha.2"
  resolved "https://registry.yarnpkg.com/@watchable/store-react/-/store-react-0.9.0-alpha.2.tgz#424896537b70ac71f6b0f0c30a5fa66ab8a93842"
  integrity sha512-sbwPw5Gb+P2EPpE8vHKzZVCyvhvV/7pdqlK8Xrlonv0nfoWgtgVgTkQqO2zFCdbO7VN5ZXDVVNflMog76o9mZA==
  dependencies:
    "@watchable/store" "0.9.0-alpha.2"

"@watchable/store@0.9.0-alpha.2":
  version "0.9.0-alpha.2"
  resolved "https://registry.yarnpkg.com/@watchable/store/-/store-0.9.0-alpha.2.tgz#15edb9db3ec150cc54d3ff0389801376a740a94c"
  integrity sha512-laOL6pW0SlDQCYvvOmyG9Kq/oQdEzU0eif1axMdS2+UNYsRLb+47YQerJJC6OUPZUHE+L3e2db7t+RSMTsGWeQ==

enhanced-resolve@^5.13.0:
  version "5.13.0"
  resolved "https://registry.yarnpkg.com/enhanced-resolve/-/enhanced-resolve-5.13.0.tgz#26d1ecc448c02de997133217b5c1053f34a0a275"
  integrity sha512-eyV8f0y1+bzyfh8xAwW/WTSZpLbjhqc4ne9eGSH4Zo2ejdyiNG9pU6mf9DG8a7+Auk6MFTlNOT4Y2y/9k8GKVg==
  dependencies:
    graceful-fs "^4.2.4"
    tapable "^2.2.0"

graceful-fs@^4.2.4:
  version "4.2.11"
  resolved "https://registry.yarnpkg.com/graceful-fs/-/graceful-fs-4.2.11.tgz#4183e4e8bf08bb6e05bbb2f7d2e0c8f712ca40e3"
  integrity sha512-RbJ5/jmFcNNCcDV5o9eTnBLJ/HszWV0P73bc+Ff4nS/rJj+YaS6IGyiOL0VoBYX+l1Wrl3k63h/KrH+nhJ0XvQ==

tapable@^2.2.0:
  version "2.2.1"
  resolved "https://registry.yarnpkg.com/tapable/-/tapable-2.2.1.tgz#1967a73ef4060a82f12ab96af86d52fdb76eeca0"
  integrity sha512-GNzQvQTOIP6RyTfE2Qxb8ZVlNmw0n88vp1szwWRimP02mnTsx3Wtn5qRdqY9w2XduFNUgvOwhNnQsjwCp+kqaQ==
